
Microsoft Visual Studio Solution File, Format Version 12.00
# Visual Studio Version 16
VisualStudioVersion = 16.0.29123.88
MinimumVisualStudioVersion = 10.0.40219.1
Project("{FAE04EC0-301F-11D3-BF4B-00C04F79EFBC}") = "WebApplication101", "WebApplication101.csproj", "{A18961BF-6041-4A4E-B759-76B088760DFC}"
EndProject
Global
	GlobalSection(SolutionConfigurationPlatforms) = preSolution
		Debug|Any CPU = Debug|Any CPU
		Release|Any CPU = Release|Any CPU
	EndGlobalSection
	GlobalSection(ProjectConfigurationPlatforms) = postSolution
		{A18961BF-6041-4A4E-B759-76B088760DFC}.Debug|Any CPU.ActiveCfg = Debug|Any CPU
		{A18961BF-6041-4A4E-B759-76B088760DFC}.Debug|Any CPU.Build.0 = Debug|Any CPU
		{A18961BF-6041-4A4E-B759-76B088760DFC}.Release|Any CPU.ActiveCfg = Release|Any CPU
		{A18961BF-6041-4A4E-B759-76B088760DFC}.Release|Any CPU.Build.0 = Release|Any CPU
	EndGlobalSection
	GlobalSection(SolutionProperties) = preSolution
		HideSolutionNode = FALSE
	EndGlobalSection
	GlobalSection(ExtensibilityGlobals) = postSolution
		SolutionGuid = {83F0609C-B26C-4FF8-8EBD-017457CFF2E9}
	EndGlobalSection
EndGlobal
